
Microsoft Visual Studio Solution File, Format Version 12.00
# Visual Studio Version 16
VisualStudioVersion = 16.0.30413.136
MinimumVisualStudioVersion = 10.0.40219.1
Project("{9A19103F-16F7-4668-BE54-9A1E7A4F7556}") = "Collection", "Collection\Collection.csproj", "{B4DF066C-0B34-44F0-84F9-F9218BE5D507}"
EndProject
Project("{FAE04EC0-301F-11D3-BF4B-00C04F79EFBC}") = "Test", "Test\Test.csproj", "{426CD117-185C-418C-B5C8-EFDE84801A57}"
EndProject
Project("{FAE04EC0-301F-11D3-BF4B-00C04F79EFBC}") = "TestCollection", "TestCollection\TestCollection.csproj", "{04B1CF73-EC7D-474D-B470-B40E6BAF5DC3}"
EndProject
Global
	GlobalSection(SolutionConfigurationPlatforms) = preSolution
		Debug|Any CPU = Debug|Any CPU
		Release|Any CPU = Release|Any CPU
	EndGlobalSection
	GlobalSection(ProjectConfigurationPlatforms) = postSolution
		{B4DF066C-0B34-44F0-84F9-F9218BE5D507}.Debug|Any CPU.ActiveCfg = Debug|Any CPU
		{B4DF066C-0B34-44F0-84F9-F9218BE5D507}.Debug|Any CPU.Build.0 = Debug|Any CPU
		{B4DF066C-0B34-44F0-84F9-F9218BE5D507}.Release|Any CPU.ActiveCfg = Release|Any CPU
		{B4DF066C-0B34-44F0-84F9-F9218BE5D507}.Release|Any CPU.Build.0 = Release|Any CPU
		{426CD117-185C-418C-B5C8-EFDE84801A57}.Debug|Any CPU.ActiveCfg = Debug|Any CPU
		{426CD117-185C-418C-B5C8-EFDE84801A57}.Debug|Any CPU.Build.0 = Debug|Any CPU
		{426CD117-185C-418C-B5C8-EFDE84801A57}.Release|Any CPU.ActiveCfg = Release|Any CPU
		{426CD117-185C-418C-B5C8-EFDE84801A57}.Release|Any CPU.Build.0 = Release|Any CPU
		{04B1CF73-EC7D-474D-B470-B40E6BAF5DC3}.Debug|Any CPU.ActiveCfg = Debug|Any CPU
		{04B1CF73-EC7D-474D-B470-B40E6BAF5DC3}.Debug|Any CPU.Build.0 = Debug|Any CPU
		{04B1CF73-EC7D-474D-B470-B40E6BAF5DC3}.Release|Any CPU.ActiveCfg = Release|Any CPU
		{04B1CF73-EC7D-474D-B470-B40E6BAF5DC3}.Release|Any CPU.Build.0 = Release|Any CPU
	EndGlobalSection
	GlobalSection(SolutionProperties) = preSolution
		HideSolutionNode = FALSE
	EndGlobalSection
	GlobalSection(ExtensibilityGlobals) = postSolution
		SolutionGuid = {53058851-3440-48D1-9A58-8E2688E98349}
	EndGlobalSection
EndGlobal
